
Microsoft Visual Studio Solution File, Format Version 12.00
# Visual Studio Version 16
VisualStudioVersion = 16.0.30717.126
MinimumVisualStudioVersion = 10.0.40219.1
Project("{FAE04EC0-301F-11D3-BF4B-00C04F79EFBC}") = "laba1", "laba1\laba1.csproj", "{1E3C0139-B56B-472B-BACF-CFEC391AB22F}"
EndProject
Global
	GlobalSection(SolutionConfigurationPlatforms) = preSolution
		Debug|Any CPU = Debug|Any CPU
		Release|Any CPU = Release|Any CPU
	EndGlobalSection
	GlobalSection(ProjectConfigurationPlatforms) = postSolution
		{1E3C0139-B56B-472B-BACF-CFEC391AB22F}.Debug|Any CPU.ActiveCfg = Debug|Any CPU
		{1E3C0139-B56B-472B-BACF-CFEC391AB22F}.Debug|Any CPU.Build.0 = Debug|Any CPU
		{1E3C0139-B56B-472B-BACF-CFEC391AB22F}.Release|Any CPU.ActiveCfg = Release|Any CPU
		{1E3C0139-B56B-472B-BACF-CFEC391AB22F}.Release|Any CPU.Build.0 = Release|Any CPU
	EndGlobalSection
	GlobalSection(SolutionProperties) = preSolution
		HideSolutionNode = FALSE
	EndGlobalSection
	GlobalSection(ExtensibilityGlobals) = postSolution
		SolutionGuid = {E65345A6-E14B-4CB3-A56F-AD9F9DA421A1}
	EndGlobalSection
EndGlobal
