
Microsoft Visual Studio Solution File, Format Version 12.00
# Visual Studio Version 16
VisualStudioVersion = 16.0.30717.126
MinimumVisualStudioVersion = 10.0.40219.1
Project("{FAE04EC0-301F-11D3-BF4B-00C04F79EFBC}") = "laba5", "laba5\laba5.csproj", "{3E514789-2095-469C-943A-59BD7AE400EC}"
EndProject
Global
	GlobalSection(SolutionConfigurationPlatforms) = preSolution
		Debug|Any CPU = Debug|Any CPU
		Release|Any CPU = Release|Any CPU
	EndGlobalSection
	GlobalSection(ProjectConfigurationPlatforms) = postSolution
		{3E514789-2095-469C-943A-59BD7AE400EC}.Debug|Any CPU.ActiveCfg = Debug|Any CPU
		{3E514789-2095-469C-943A-59BD7AE400EC}.Debug|Any CPU.Build.0 = Debug|Any CPU
		{3E514789-2095-469C-943A-59BD7AE400EC}.Release|Any CPU.ActiveCfg = Release|Any CPU
		{3E514789-2095-469C-943A-59BD7AE400EC}.Release|Any CPU.Build.0 = Release|Any CPU
	EndGlobalSection
	GlobalSection(SolutionProperties) = preSolution
		HideSolutionNode = FALSE
	EndGlobalSection
	GlobalSection(ExtensibilityGlobals) = postSolution
		SolutionGuid = {C5E151CA-17EF-4CCC-ACFE-1C358B469832}
	EndGlobalSection
EndGlobal
